
Microsoft Visual Studio Solution File, Format Version 12.00
# Visual Studio Version 17
VisualStudioVersion = 17.6.33815.320
MinimumVisualStudioVersion = 10.0.40219.1
Project("{FAE04EC0-301F-11D3-BF4B-00C04F79EFBC}") = "MoviesSiteApi", "MoviesSiteApi.csproj", "{AB46D307-401C-49DA-AB3B-945F69442F00}"
EndProject
Global
	GlobalSection(SolutionConfigurationPlatforms) = preSolution
		Debug|Any CPU = Debug|Any CPU
		Release|Any CPU = Release|Any CPU
	EndGlobalSection
	GlobalSection(ProjectConfigurationPlatforms) = postSolution
		{AB46D307-401C-49DA-AB3B-945F69442F00}.Debug|Any CPU.ActiveCfg = Debug|Any CPU
		{AB46D307-401C-49DA-AB3B-945F69442F00}.Debug|Any CPU.Build.0 = Debug|Any CPU
		{AB46D307-401C-49DA-AB3B-945F69442F00}.Release|Any CPU.ActiveCfg = Release|Any CPU
		{AB46D307-401C-49DA-AB3B-945F69442F00}.Release|Any CPU.Build.0 = Release|Any CPU
	EndGlobalSection
	GlobalSection(SolutionProperties) = preSolution
		HideSolutionNode = FALSE
	EndGlobalSection
	GlobalSection(ExtensibilityGlobals) = postSolution
		SolutionGuid = {8403110E-8A39-4E81-8D9B-D69B81AD4696}
	EndGlobalSection
EndGlobal
